
Microsoft Visual Studio Solution File, Format Version 12.00
# Visual Studio Version 17
VisualStudioVersion = 17.12.35521.163 d17.12
MinimumVisualStudioVersion = 10.0.40219.1
Project("{FAE04EC0-301F-11D3-BF4B-00C04F79EFBC}") = "CamadaInterface", "CamadaInterface\CamadaInterface.csproj", "{FCCA9BC2-E23A-4766-A82C-B3AF64A131AF}"
EndProject
Project("{FAE04EC0-301F-11D3-BF4B-00C04F79EFBC}") = "CamadaDados", "CamadaDados\CamadaDados.csproj", "{5AB86DA6-17BA-4A7B-ADB3-DFAF30526C6E}"
EndProject
Project("{FAE04EC0-301F-11D3-BF4B-00C04F79EFBC}") = "CamadaNegocio", "CamadaNegocio\CamadaNegocio.csproj", "{09BC595F-C5EA-48A5-B355-1ED873F96C97}"
EndProject
Global
	GlobalSection(SolutionConfigurationPlatforms) = preSolution
		Debug|Any CPU = Debug|Any CPU
		Release|Any CPU = Release|Any CPU
	EndGlobalSection
	GlobalSection(ProjectConfigurationPlatforms) = postSolution
		{FCCA9BC2-E23A-4766-A82C-B3AF64A131AF}.Debug|Any CPU.ActiveCfg = Debug|Any CPU
		{FCCA9BC2-E23A-4766-A82C-B3AF64A131AF}.Debug|Any CPU.Build.0 = Debug|Any CPU
		{FCCA9BC2-E23A-4766-A82C-B3AF64A131AF}.Release|Any CPU.ActiveCfg = Release|Any CPU
		{FCCA9BC2-E23A-4766-A82C-B3AF64A131AF}.Release|Any CPU.Build.0 = Release|Any CPU
		{5AB86DA6-17BA-4A7B-ADB3-DFAF30526C6E}.Debug|Any CPU.ActiveCfg = Debug|Any CPU
		{5AB86DA6-17BA-4A7B-ADB3-DFAF30526C6E}.Debug|Any CPU.Build.0 = Debug|Any CPU
		{5AB86DA6-17BA-4A7B-ADB3-DFAF30526C6E}.Release|Any CPU.ActiveCfg = Release|Any CPU
		{5AB86DA6-17BA-4A7B-ADB3-DFAF30526C6E}.Release|Any CPU.Build.0 = Release|Any CPU
		{09BC595F-C5EA-48A5-B355-1ED873F96C97}.Debug|Any CPU.ActiveCfg = Debug|Any CPU
		{09BC595F-C5EA-48A5-B355-1ED873F96C97}.Debug|Any CPU.Build.0 = Debug|Any CPU
		{09BC595F-C5EA-48A5-B355-1ED873F96C97}.Release|Any CPU.ActiveCfg = Release|Any CPU
		{09BC595F-C5EA-48A5-B355-1ED873F96C97}.Release|Any CPU.Build.0 = Release|Any CPU
	EndGlobalSection
	GlobalSection(SolutionProperties) = preSolution
		HideSolutionNode = FALSE
	EndGlobalSection
EndGlobal
